// !$*UTF8*$!
{
	archiveVersion = 1;
	classes = {
	};
	objectVersion = 46;
	objects = {

/* Begin PBXBuildFile section */
		046E81851E3B4E2D001E9A82 /* MemeMeViewController.swift in Sources */ = {isa = PBXBuildFile; fileRef = 046E81841E3B4E2D001E9A82 /* MemeMeViewController.swift */; };
		046E81891E3B6DBB001E9A82 /* MemeMe.swift in Sources */ = {isa = PBXBuildFile; fileRef = 046E81881E3B6DBB001E9A82 /* MemeMe.swift */; };
		046E818B1E3B746C001E9A82 /* MemeMeTableViewController.swift in Sources */ = {isa = PBXBuildFile; fileRef = 046E818A1E3B746C001E9A82 /* MemeMeTableViewController.swift */; };
		046E818D1E3B7A6C001E9A82 /* MemeMeTableViewCell.swift in Sources */ = {isa = PBXBuildFile; fileRef = 046E818C1E3B7A6C001E9A82 /* MemeMeTableViewCell.swift */; };
		046E818F1E3B876C001E9A82 /* MemeMeCollectionViewController.swift in Sources */ = {isa = PBXBuildFile; fileRef = 046E818E1E3B876C001E9A82 /* MemeMeCollectionViewController.swift */; };
		046E81911E3B87E2001E9A82 /* MemeMeCollectionViewCell.swift in Sources */ = {isa = PBXBuildFile; fileRef = 046E81901E3B87E2001E9A82 /* MemeMeCollectionViewCell.swift */; };
		047A93C01E3BAF8A00873B70 /* MemeImageViewController.swift in Sources */ = {isa = PBXBuildFile; fileRef = 047A93BF1E3BAF8A00873B70 /* MemeImageViewController.swift */; };
		04D6B6FD1E3B4607000C9ADF /* AppDelegate.swift in Sources */ = {isa = PBXBuildFile; fileRef = 04D6B6FC1E3B4607000C9ADF /* AppDelegate.swift */; };
		04D6B7021E3B4607000C9ADF /* Main.storyboard in Resources */ = {isa = PBXBuildFile; fileRef = 04D6B7001E3B4607000C9ADF /* Main.storyboard */; };
		04D6B7041E3B4607000C9ADF /* Assets.xcassets in Resources */ = {isa = PBXBuildFile; fileRef = 04D6B7031E3B4607000C9ADF /* Assets.xcassets */; };
		04D6B7071E3B4607000C9ADF /* LaunchScreen.storyboard in Resources */ = {isa = PBXBuildFile; fileRef = 04D6B7051E3B4607000C9ADF /* LaunchScreen.storyboard */; };
/* End PBXBuildFile section */

/* Begin PBXFileReference section */
		046E81841E3B4E2D001E9A82 /* MemeMeViewController.swift */ = {isa = PBXFileReference; fileEncoding = 4; lastKnownFileType = sourcecode.swift; path = MemeMeViewController.swift; sourceTree = "<group>"; };
		046E81881E3B6DBB001E9A82 /* MemeMe.swift */ = {isa = PBXFileReference; fileEncoding = 4; lastKnownFileType = sourcecode.swift; path = MemeMe.swift; sourceTree = "<group>"; };
		046E818A1E3B746C001E9A82 /* MemeMeTableViewController.swift */ = {isa = PBXFileReference; fileEncoding = 4; lastKnownFileType = sourcecode.swift; path = MemeMeTableViewController.swift; sourceTree = "<group>"; };
		046E818C1E3B7A6C001E9A82 /* MemeMeTableViewCell.swift */ = {isa = PBXFileReference; fileEncoding = 4; lastKnownFileType = sourcecode.swift; path = MemeMeTableViewCell.swift; sourceTree = "<group>"; };
		046E818E1E3B876C001E9A82 /* MemeMeCollectionViewController.swift */ = {isa = PBXFileReference; fileEncoding = 4; lastKnownFileType = sourcecode.swift; path = MemeMeCollectionViewController.swift; sourceTree = "<group>"; };
		046E81901E3B87E2001E9A82 /* MemeMeCollectionViewCell.swift */ = {isa = PBXFileReference; fileEncoding = 4; lastKnownFileType = sourcecode.swift; path = MemeMeCollectionViewCell.swift; sourceTree = "<group>"; };
		047A93BF1E3BAF8A00873B70 /* MemeImageViewController.swift */ = {isa = PBXFileReference; fileEncoding = 4; lastKnownFileType = sourcecode.swift; path = MemeImageViewController.swift; sourceTree = "<group>"; };
		04D6B6F91E3B4607000C9ADF /* MemeMe.app */ = {isa = PBXFileReference; explicitFileType = wrapper.application; includeInIndex = 0; path = MemeMe.app; sourceTree = BUILT_PRODUCTS_DIR; };
		04D6B6FC1E3B4607000C9ADF /* AppDelegate.swift */ = {isa = PBXFileReference; lastKnownFileType = sourcecode.swift; path = AppDelegate.swift; sourceTree = "<group>"; };
		04D6B7011E3B4607000C9ADF /* Base */ = {isa = PBXFileReference; lastKnownFileType = file.storyboard; name = Base; path = Base.lproj/Main.storyboard; sourceTree = "<group>"; };
		04D6B7031E3B4607000C9ADF /* Assets.xcassets */ = {isa = PBXFileReference; lastKnownFileType = folder.assetcatalog; path = Assets.xcassets; sourceTree = "<group>"; };
		04D6B7061E3B4607000C9ADF /* Base */ = {isa = PBXFileReference; lastKnownFileType = file.storyboard; name = Base; path = Base.lproj/LaunchScreen.storyboard; sourceTree = "<group>"; };
		04D6B7081E3B4607000C9ADF /* Info.plist */ = {isa = PBXFileReference; lastKnownFileType = text.plist.xml; path = Info.plist; sourceTree = "<group>"; };
/* End PBXFileReference section */

/* Begin PBXFrameworksBuildPhase section */
		04D6B6F61E3B4607000C9ADF /* Frameworks */ = {
			isa = PBXFrameworksBuildPhase;
			buildActionMask = 2147483647;
			files = (
			);
			runOnlyForDeploymentPostprocessing = 0;
		};
/* End PBXFrameworksBuildPhase section */

/* Begin PBXGroup section */
		04D6B6F01E3B4607000C9ADF = {
			isa = PBXGroup;
			children = (
				04D6B6FB1E3B4607000C9ADF /* MemeMe */,
				04D6B6FA1E3B4607000C9ADF /* Products */,
			);
			sourceTree = "<group>";
		};
		04D6B6FA1E3B4607000C9ADF /* Products */ = {
			isa = PBXGroup;
			children = (
				04D6B6F91E3B4607000C9ADF /* MemeMe.app */,
			);
			name = Products;
			sourceTree = "<group>";
		};
		04D6B6FB1E3B4607000C9ADF /* MemeMe */ = {
			isa = PBXGroup;
			children = (
				04D6B6FC1E3B4607000C9ADF /* AppDelegate.swift */,
				04D6B7001E3B4607000C9ADF /* Main.storyboard */,
				04D6B7031E3B4607000C9ADF /* Assets.xcassets */,
				04D6B7051E3B4607000C9ADF /* LaunchScreen.storyboard */,
				04D6B7081E3B4607000C9ADF /* Info.plist */,
				046E81841E3B4E2D001E9A82 /* MemeMeViewController.swift */,
				046E81881E3B6DBB001E9A82 /* MemeMe.swift */,
				046E818A1E3B746C001E9A82 /* MemeMeTableViewController.swift */,
				046E818C1E3B7A6C001E9A82 /* MemeMeTableViewCell.swift */,
				046E818E1E3B876C001E9A82 /* MemeMeCollectionViewController.swift */,
				046E81901E3B87E2001E9A82 /* MemeMeCollectionViewCell.swift */,
				047A93BF1E3BAF8A00873B70 /* MemeImageViewController.swift */,
			);
			path = MemeMe;
			sourceTree = "<group>";
		};
/* End PBXGroup section */

/* Begin PBXNativeTarget section */
		04D6B6F81E3B4607000C9ADF /* MemeMe */ = {
			isa = PBXNativeTarget;
			buildConfigurationList = 04D6B70B1E3B4607000C9ADF /* Build configuration list for PBXNativeTarget "MemeMe" */;
			buildPhases = (
				04D6B6F51E3B4607000C9ADF /* Sources */,
				04D6B6F61E3B4607000C9ADF /* Frameworks */,
				04D6B6F71E3B4607000C9ADF /* Resources */,
			);
			buildRules = (
			);
			dependencies = (
			);
			name = MemeMe;
			productName = MemeMe;
			productReference = 04D6B6F91E3B4607000C9ADF /* MemeMe.app */;
			productType = "com.apple.product-type.application";
		};
/* End PBXNativeTarget section */

/* Begin PBXProject section */
		04D6B6F11E3B4607000C9ADF /* Project object */ = {
			isa = PBXProject;
			attributes = {
				LastSwiftUpdateCheck = 0820;
				LastUpgradeCheck = 0820;
				ORGANIZATIONNAME = song;
				TargetAttributes = {
					04D6B6F81E3B4607000C9ADF = {
						CreatedOnToolsVersion = 8.2.1;
						DevelopmentTeam = Q3RWAXNT33;
						ProvisioningStyle = Automatic;
					};
				};
			};
			buildConfigurationList = 04D6B6F41E3B4607000C9ADF /* Build configuration list for PBXProject "MemeMe" */;
			compatibilityVersion = "Xcode 3.2";
			developmentRegion = English;
			hasScannedForEncodings = 0;
			knownRegions = (
				en,
				Base,
			);
			mainGroup = 04D6B6F01E3B4607000C9ADF;
			productRefGroup = 04D6B6FA1E3B4607000C9ADF /* Products */;
			projectDirPath = "";
			projectRoot = "";
			targets = (
				04D6B6F81E3B4607000C9ADF /* MemeMe */,
			);
		};
/* End PBXProject section */

/* Begin PBXResourcesBuildPhase section */
		04D6B6F71E3B4607000C9ADF /* Resources */ = {
			isa = PBXResourcesBuildPhase;
			buildActionMask = 2147483647;
			files = (
				04D6B7071E3B4607000C9ADF /* LaunchScreen.storyboard in Resources */,
				04D6B7041E3B4607000C9ADF /* Assets.xcassets in Resources */,
				04D6B7021E3B4607000C9ADF /* Main.storyboard in Resources */,
			);
			runOnlyForDeploymentPostprocessing = 0;
		};
/* End PBXResourcesBuildPhase section */

/* Begin PBXSourcesBuildPhase section */
		04D6B6F51E3B4607000C9ADF /* Sources */ = {
			isa = PBXSourcesBuildPhase;
			buildActionMask = 2147483647;
			files = (
				046E81891E3B6DBB001E9A82 /* MemeMe.swift in Sources */,
				046E818B1E3B746C001E9A82 /* MemeMeTableViewController.swift in Sources */,
				046E818F1E3B876C001E9A82 /* MemeMeCollectionViewController.swift in Sources */,
				047A93C01E3BAF8A00873B70 /* MemeImageViewController.swift in Sources */,
				04D6B6FD1E3B4607000C9ADF /* AppDelegate.swift in Sources */,
				046E81851E3B4E2D001E9A82 /* MemeMeViewController.swift in Sources */,
				046E81911E3B87E2001E9A82 /* MemeMeCollectionViewCell.swift in Sources */,
				046E818D1E3B7A6C001E9A82 /* MemeMeTableViewCell.swift in Sources */,
			);
			runOnlyForDeploymentPostprocessing = 0;
		};
/* End PBXSourcesBuildPhase section */

/* Begin PBXVariantGroup section */
		04D6B7001E3B4607000C9ADF /* Main.storyboard */ = {
			isa = PBXVariantGroup;
			children = (
				04D6B7011E3B4607000C9ADF /* Base */,
			);
			name = Main.storyboard;
			sourceTree = "<group>";
		};
		04D6B7051E3B4607000C9ADF /* LaunchScreen.storyboard */ = {
			isa = PBXVariantGroup;
			children = (
				04D6B7061E3B4607000C9ADF /* Base */,
			);
			name = LaunchScreen.storyboard;
			sourceTree = "<group>";
		};
/* End PBXVariantGroup section */

/* Begin XCBuildConfiguration section */
		04D6B7091E3B4607000C9ADF /* Debug */ = {
			isa = XCBuildConfiguration;
			buildSettings = {
				ALWAYS_SEARCH_USER_PATHS = NO;
				CLANG_ANALYZER_NONNULL = YES;
				CLANG_CXX_LANGUAGE_STANDARD = "gnu++0x";
				CLANG_CXX_LIBRARY = "libc++";
				CLANG_ENABLE_MODULES = YES;
				CLANG_ENABLE_OBJC_ARC = YES;
				CLANG_WARN_BOOL_CONVERSION = YES;
				CLANG_WARN_CONSTANT_CONVERSION = YES;
				CLANG_WARN_DIRECT_OBJC_ISA_USAGE = YES_ERROR;
				CLANG_WARN_DOCUMENTATION_COMMENTS = YES;
				CLANG_WARN_EMPTY_BODY = YES;
				CLANG_WARN_ENUM_CONVERSION = YES;
				CLANG_WARN_INFINITE_RECURSION = YES;
				CLANG_WARN_INT_CONVERSION = YES;
				CLANG_WARN_OBJC_ROOT_CLASS = YES_ERROR;
				CLANG_WARN_SUSPICIOUS_MOVE = YES;
				CLANG_WARN_UNREACHABLE_CODE = YES;
				CLANG_WARN__DUPLICATE_METHOD_MATCH = YES;
				"CODE_SIGN_IDENTITY[sdk=iphoneos*]" = "iPhone Developer";
				COPY_PHASE_STRIP = NO;
				DEBUG_INFORMATION_FORMAT = dwarf;
				ENABLE_STRICT_OBJC_MSGSEND = YES;
				ENABLE_TESTABILITY = YES;
				GCC_C_LANGUAGE_STANDARD = gnu99;
				GCC_DYNAMIC_NO_PIC = NO;
				GCC_NO_COMMON_BLOCKS = YES;
				GCC_OPTIMIZATION_LEVEL = 0;
				GCC_PREPROCESSOR_DEFINITIONS = (
					"DEBUG=1",
					"$(inherited)",
				);
				GCC_WARN_64_TO_32_BIT_CONVERSION = YES;
				GCC_WARN_ABOUT_RETURN_TYPE = YES_ERROR;
				GCC_WARN_UNDECLARED_SELECTOR = YES;
				GCC_WARN_UNINITIALIZED_AUTOS = YES_AGGRESSIVE;
				GCC_WARN_UNUSED_FUNCTION = YES;
				GCC_WARN_UNUSED_VARIABLE = YES;
				IPHONEOS_DEPLOYMENT_TARGET = 10.2;
				MTL_ENABLE_DEBUG_INFO = YES;
				ONLY_ACTIVE_ARCH = YES;
				SDKROOT = iphoneos;
				SWIFT_ACTIVE_COMPILATION_CONDITIONS = DEBUG;
				SWIFT_OPTIMIZATION_LEVEL = "-Onone";
			};
			name = Debug;
		};
		04D6B70A1E3B4607000C9ADF /* Release */ = {
			isa = XCBuildConfiguration;
			buildSettings = {
				ALWAYS_SEARCH_USER_PATHS = NO;
				CLANG_ANALYZER_NONNULL = YES;
				CLANG_CXX_LANGUAGE_STANDARD = "gnu++0x";
				CLANG_CXX_LIBRARY = "libc++";
				CLANG_ENABLE_MODULES = YES;
				CLANG_ENABLE_OBJC_ARC = YES;
				CLANG_WARN_BOOL_CONVERSION = YES;
				CLANG_WARN_CONSTANT_CONVERSION = YES;
				CLANG_WARN_DIRECT_OBJC_ISA_USAGE = YES_ERROR;
				CLANG_WARN_DOCUMENTATION_COMMENTS = YES;
				CLANG_WARN_EMPTY_BODY = YES;
				CLANG_WARN_ENUM_CONVERSION = YES;
				CLANG_WARN_INFINITE_RECURSION = YES;
				CLANG_WARN_INT_CONVERSION = YES;
				CLANG_WARN_OBJC_ROOT_CLASS = YES_ERROR;
				CLANG_WARN_SUSPICIOUS_MOVE = YES;
				CLANG_WARN_UNREACHABLE_CODE = YES;
				CLANG_WARN__DUPLICATE_METHOD_MATCH = YES;
				"CODE_SIGN_IDENTITY[sdk=iphoneos*]" = "iPhone Developer";
				COPY_PHASE_STRIP = NO;
				DEBUG_INFORMATION_FORMAT = "dwarf-with-dsym";
				ENABLE_NS_ASSERTIONS = NO;
				ENABLE_STRICT_OBJC_MSGSEND = YES;
				GCC_C_LANGUAGE_STANDARD = gnu99;
				GCC_NO_COMMON_BLOCKS = YES;
				GCC_WARN_64_TO_32_BIT_CONVERSION = YES;
				GCC_WARN_ABOUT_RETURN_TYPE = YES_ERROR;
				GCC_WARN_UNDECLARED_SELECTOR = YES;
				GCC_WARN_UNINITIALIZED_AUTOS = YES_AGGRESSIVE;
				GCC_WARN_UNUSED_FUNCTION = YES;
				GCC_WARN_UNUSED_VARIABLE = YES;
				IPHONEOS_DEPLOYMENT_TARGET = 10.2;
				MTL_ENABLE_DEBUG_INFO = NO;
				SDKROOT = iphoneos;
				SWIFT_OPTIMIZATION_LEVEL = "-Owholemodule";
				VALIDATE_PRODUCT = YES;
			};
			name = Release;
		};
		04D6B70C1E3B4607000C9ADF /* Debug */ = {
			isa = XCBuildConfiguration;
			buildSettings = {
				ASSETCATALOG_COMPILER_APPICON_NAME = AppIcon;
				DEVELOPMENT_TEAM = Q3RWAXNT33;
				INFOPLIST_FILE = MemeMe/Info.plist;
				LD_RUNPATH_SEARCH_PATHS = "$(inherited) @executable_path/Frameworks";
				PRODUCT_BUNDLE_IDENTIFIER = com.song.MemeMe;
				PRODUCT_NAME = "$(TARGET_NAME)";
				SWIFT_VERSION = 3.0;
			};
			name = Debug;
		};
		04D6B70D1E3B4607000C9ADF /* Release */ = {
			isa = XCBuildConfiguration;
			buildSettings = {
				ASSETCATALOG_COMPILER_APPICON_NAME = AppIcon;
				DEVELOPMENT_TEAM = Q3RWAXNT33;
				INFOPLIST_FILE = MemeMe/Info.plist;
				LD_RUNPATH_SEARCH_PATHS = "$(inherited) @executable_path/Frameworks";
				PRODUCT_BUNDLE_IDENTIFIER = com.song.MemeMe;
				PRODUCT_NAME = "$(TARGET_NAME)";
				SWIFT_VERSION = 3.0;
			};
			name = Release;
		};
/* End XCBuildConfiguration section */

/* Begin XCConfigurationList section */
		04D6B6F41E3B4607000C9ADF /* Build configuration list for PBXProject "MemeMe" */ = {
			isa = XCConfigurationList;
			buildConfigurations = (
				04D6B7091E3B4607000C9ADF /* Debug */,
				04D6B70A1E3B4607000C9ADF /* Release */,
			);
			defaultConfigurationIsVisible = 0;
			defaultConfigurationName = Release;
		};
		04D6B70B1E3B4607000C9ADF /* Build configuration list for PBXNativeTarget "MemeMe" */ = {
			isa = XCConfigurationList;
			buildConfigurations = (
				04D6B70C1E3B4607000C9ADF /* Debug */,
				04D6B70D1E3B4607000C9ADF /* Release */,
			);
			defaultConfigurationIsVisible = 0;
			defaultConfigurationName = Release;
		};
/* End XCConfigurationList section */
	};
	rootObject = 04D6B6F11E3B4607000C9ADF /* Project object */;
}
